// !$*UTF8*$!
{
	archiveVersion = 1;
	classes = {
	};
	objectVersion = 46;
	objects = {

/* Begin PBXBuildFile section */
		13D6DB431D9B91AF00CB379E /* AppDelegate.swift in Sources */ = {isa = PBXBuildFile; fileRef = 13D6DB421D9B91AF00CB379E /* AppDelegate.swift */; };
		13D6DB451D9B91AF00CB379E /* ViewController.swift in Sources */ = {isa = PBXBuildFile; fileRef = 13D6DB441D9B91AF00CB379E /* ViewController.swift */; };
		13D6DB481D9B91AF00CB379E /* Main.storyboard in Resources */ = {isa = PBXBuildFile; fileRef = 13D6DB461D9B91AF00CB379E /* Main.storyboard */; };
		13D6DB4B1D9B91AF00CB379E /* Swift_3_0.xcdatamodeld in Sources */ = {isa = PBXBuildFile; fileRef = 13D6DB491D9B91AF00CB379E /* Swift_3_0.xcdatamodeld */; };
		13D6DB4D1D9B91AF00CB379E /* Assets.xcassets in Resources */ = {isa = PBXBuildFile; fileRef = 13D6DB4C1D9B91AF00CB379E /* Assets.xcassets */; };
		13D6DB501D9B91AF00CB379E /* LaunchScreen.storyboard in Resources */ = {isa = PBXBuildFile; fileRef = 13D6DB4E1D9B91AF00CB379E /* LaunchScreen.storyboard */; };
		13D6DB5B1D9B91AF00CB379E /* Swift_3_0Tests.swift in Sources */ = {isa = PBXBuildFile; fileRef = 13D6DB5A1D9B91AF00CB379E /* Swift_3_0Tests.swift */; };
		13D6DB661D9B91AF00CB379E /* Swift_3_0UITests.swift in Sources */ = {isa = PBXBuildFile; fileRef = 13D6DB651D9B91AF00CB379E /* Swift_3_0UITests.swift */; };
/* End PBXBuildFile section */

/* Begin PBXContainerItemProxy section */
		13D6DB571D9B91AF00CB379E /* PBXContainerItemProxy */ = {
			isa = PBXContainerItemProxy;
			containerPortal = 13D6DB371D9B91AF00CB379E /* Project object */;
			proxyType = 1;
			remoteGlobalIDString = 13D6DB3E1D9B91AF00CB379E;
			remoteInfo = Swift_3_0;
		};
		13D6DB621D9B91AF00CB379E /* PBXContainerItemProxy */ = {
			isa = PBXContainerItemProxy;
			containerPortal = 13D6DB371D9B91AF00CB379E /* Project object */;
			proxyType = 1;
			remoteGlobalIDString = 13D6DB3E1D9B91AF00CB379E;
			remoteInfo = Swift_3_0;
		};
/* End PBXContainerItemProxy section */

/* Begin PBXFileReference section */
		13D6DB3F1D9B91AF00CB379E /* Swift_3_0.app */ = {isa = PBXFileReference; explicitFileType = wrapper.application; includeInIndex = 0; path = Swift_3_0.app; sourceTree = BUILT_PRODUCTS_DIR; };
		13D6DB421D9B91AF00CB379E /* AppDelegate.swift */ = {isa = PBXFileReference; lastKnownFileType = sourcecode.swift; path = AppDelegate.swift; sourceTree = "<group>"; };
		13D6DB441D9B91AF00CB379E /* ViewController.swift */ = {isa = PBXFileReference; lastKnownFileType = sourcecode.swift; path = ViewController.swift; sourceTree = "<group>"; };
		13D6DB471D9B91AF00CB379E /* Base */ = {isa = PBXFileReference; lastKnownFileType = file.storyboard; name = Base; path = Base.lproj/Main.storyboard; sourceTree = "<group>"; };
		13D6DB4A1D9B91AF00CB379E /* Swift_3_0.xcdatamodel */ = {isa = PBXFileReference; lastKnownFileType = wrapper.xcdatamodel; path = Swift_3_0.xcdatamodel; sourceTree = "<group>"; };
		13D6DB4C1D9B91AF00CB379E /* Assets.xcassets */ = {isa = PBXFileReference; lastKnownFileType = folder.assetcatalog; path = Assets.xcassets; sourceTree = "<group>"; };
		13D6DB4F1D9B91AF00CB379E /* Base */ = {isa = PBXFileReference; lastKnownFileType = file.storyboard; name = Base; path = Base.lproj/LaunchScreen.storyboard; sourceTree = "<group>"; };
		13D6DB511D9B91AF00CB379E /* Info.plist */ = {isa = PBXFileReference; lastKnownFileType = text.plist.xml; path = Info.plist; sourceTree = "<group>"; };
		13D6DB561D9B91AF00CB379E /* Swift_3_0Tests.xctest */ = {isa = PBXFileReference; explicitFileType = wrapper.cfbundle; includeInIndex = 0; path = Swift_3_0Tests.xctest; sourceTree = BUILT_PRODUCTS_DIR; };
		13D6DB5A1D9B91AF00CB379E /* Swift_3_0Tests.swift */ = {isa = PBXFileReference; lastKnownFileType = sourcecode.swift; path = Swift_3_0Tests.swift; sourceTree = "<group>"; };
		13D6DB5C1D9B91AF00CB379E /* Info.plist */ = {isa = PBXFileReference; lastKnownFileType = text.plist.xml; path = Info.plist; sourceTree = "<group>"; };
		13D6DB611D9B91AF00CB379E /* Swift_3_0UITests.xctest */ = {isa = PBXFileReference; explicitFileType = wrapper.cfbundle; includeInIndex = 0; path = Swift_3_0UITests.xctest; sourceTree = BUILT_PRODUCTS_DIR; };
		13D6DB651D9B91AF00CB379E /* Swift_3_0UITests.swift */ = {isa = PBXFileReference; lastKnownFileType = sourcecode.swift; path = Swift_3_0UITests.swift; sourceTree = "<group>"; };
		13D6DB671D9B91AF00CB379E /* Info.plist */ = {isa = PBXFileReference; lastKnownFileType = text.plist.xml; path = Info.plist; sourceTree = "<group>"; };
/* End PBXFileReference section */

/* Begin PBXFrameworksBuildPhase section */
		13D6DB3C1D9B91AF00CB379E /* Frameworks */ = {
			isa = PBXFrameworksBuildPhase;
			buildActionMask = 2147483647;
			files = (
			);
			runOnlyForDeploymentPostprocessing = 0;
		};
		13D6DB531D9B91AF00CB379E /* Frameworks */ = {
			isa = PBXFrameworksBuildPhase;
			buildActionMask = 2147483647;
			files = (
			);
			runOnlyForDeploymentPostprocessing = 0;
		};
		13D6DB5E1D9B91AF00CB379E /* Frameworks */ = {
			isa = PBXFrameworksBuildPhase;
			buildActionMask = 2147483647;
			files = (
			);
			runOnlyForDeploymentPostprocessing = 0;
		};
/* End PBXFrameworksBuildPhase section */

/* Begin PBXGroup section */
		13D6DB361D9B91AF00CB379E = {
			isa = PBXGroup;
			children = (
				13D6DB411D9B91AF00CB379E /* Swift_3_0 */,
				13D6DB591D9B91AF00CB379E /* Swift_3_0Tests */,
				13D6DB641D9B91AF00CB379E /* Swift_3_0UITests */,
				13D6DB401D9B91AF00CB379E /* Products */,
			);
			sourceTree = "<group>";
		};
		13D6DB401D9B91AF00CB379E /* Products */ = {
			isa = PBXGroup;
			children = (
				13D6DB3F1D9B91AF00CB379E /* Swift_3_0.app */,
				13D6DB561D9B91AF00CB379E /* Swift_3_0Tests.xctest */,
				13D6DB611D9B91AF00CB379E /* Swift_3_0UITests.xctest */,
			);
			name = Products;
			sourceTree = "<group>";
		};
		13D6DB411D9B91AF00CB379E /* Swift_3_0 */ = {
			isa = PBXGroup;
			children = (
				13D6DB421D9B91AF00CB379E /* AppDelegate.swift */,
				13D6DB441D9B91AF00CB379E /* ViewController.swift */,
				13D6DB461D9B91AF00CB379E /* Main.storyboard */,
				13D6DB4C1D9B91AF00CB379E /* Assets.xcassets */,
				13D6DB4E1D9B91AF00CB379E /* LaunchScreen.storyboard */,
				13D6DB511D9B91AF00CB379E /* Info.plist */,
				13D6DB491D9B91AF00CB379E /* Swift_3_0.xcdatamodeld */,
			);
			path = Swift_3_0;
			sourceTree = "<group>";
		};
		13D6DB591D9B91AF00CB379E /* Swift_3_0Tests */ = {
			isa = PBXGroup;
			children = (
				13D6DB5A1D9B91AF00CB379E /* Swift_3_0Tests.swift */,
				13D6DB5C1D9B91AF00CB379E /* Info.plist */,
			);
			path = Swift_3_0Tests;
			sourceTree = "<group>";
		};
		13D6DB641D9B91AF00CB379E /* Swift_3_0UITests */ = {
			isa = PBXGroup;
			children = (
				13D6DB651D9B91AF00CB379E /* Swift_3_0UITests.swift */,
				13D6DB671D9B91AF00CB379E /* Info.plist */,
			);
			path = Swift_3_0UITests;
			sourceTree = "<group>";
		};
/* End PBXGroup section */

/* Begin PBXNativeTarget section */
		13D6DB3E1D9B91AF00CB379E /* Swift_3_0 */ = {
			isa = PBXNativeTarget;
			buildConfigurationList = 13D6DB6A1D9B91AF00CB379E /* Build configuration list for PBXNativeTarget "Swift_3_0" */;
			buildPhases = (
				13D6DB3B1D9B91AF00CB379E /* Sources */,
				13D6DB3C1D9B91AF00CB379E /* Frameworks */,
				13D6DB3D1D9B91AF00CB379E /* Resources */,
			);
			buildRules = (
			);
			dependencies = (
			);
			name = Swift_3_0;
			productName = Swift_3_0;
			productReference = 13D6DB3F1D9B91AF00CB379E /* Swift_3_0.app */;
			productType = "com.apple.product-type.application";
		};
		13D6DB551D9B91AF00CB379E /* Swift_3_0Tests */ = {
			isa = PBXNativeTarget;
			buildConfigurationList = 13D6DB6D1D9B91AF00CB379E /* Build configuration list for PBXNativeTarget "Swift_3_0Tests" */;
			buildPhases = (
				13D6DB521D9B91AF00CB379E /* Sources */,
				13D6DB531D9B91AF00CB379E /* Frameworks */,
				13D6DB541D9B91AF00CB379E /* Resources */,
			);
			buildRules = (
			);
			dependencies = (
				13D6DB581D9B91AF00CB379E /* PBXTargetDependency */,
			);
			name = Swift_3_0Tests;
			productName = Swift_3_0Tests;
			productReference = 13D6DB561D9B91AF00CB379E /* Swift_3_0Tests.xctest */;
			productType = "com.apple.product-type.bundle.unit-test";
		};
		13D6DB601D9B91AF00CB379E /* Swift_3_0UITests */ = {
			isa = PBXNativeTarget;
			buildConfigurationList = 13D6DB701D9B91AF00CB379E /* Build configuration list for PBXNativeTarget "Swift_3_0UITests" */;
			buildPhases = (
				13D6DB5D1D9B91AF00CB379E /* Sources */,
				13D6DB5E1D9B91AF00CB379E /* Frameworks */,
				13D6DB5F1D9B91AF00CB379E /* Resources */,
			);
			buildRules = (
			);
			dependencies = (
				13D6DB631D9B91AF00CB379E /* PBXTargetDependency */,
			);
			name = Swift_3_0UITests;
			productName = Swift_3_0UITests;
			productReference = 13D6DB611D9B91AF00CB379E /* Swift_3_0UITests.xctest */;
			productType = "com.apple.product-type.bundle.ui-testing";
		};
/* End PBXNativeTarget section */

/* Begin PBXProject section */
		13D6DB371D9B91AF00CB379E /* Project object */ = {
			isa = PBXProject;
			attributes = {
				LastSwiftUpdateCheck = 0800;
				LastUpgradeCheck = 0800;
				ORGANIZATIONNAME = "Fumiya Nakamura";
				TargetAttributes = {
					13D6DB3E1D9B91AF00CB379E = {
						CreatedOnToolsVersion = 8.0;
						DevelopmentTeam = 8L27T5V5VA;
						ProvisioningStyle = Manual;
					};
					13D6DB551D9B91AF00CB379E = {
						CreatedOnToolsVersion = 8.0;
						DevelopmentTeam = 8L27T5V5VA;
						ProvisioningStyle = Automatic;
						TestTargetID = 13D6DB3E1D9B91AF00CB379E;
					};
					13D6DB601D9B91AF00CB379E = {
						CreatedOnToolsVersion = 8.0;
						DevelopmentTeam = 8L27T5V5VA;
						ProvisioningStyle = Automatic;
						TestTargetID = 13D6DB3E1D9B91AF00CB379E;
					};
				};
			};
			buildConfigurationList = 13D6DB3A1D9B91AF00CB379E /* Build configuration list for PBXProject "Swift_3_0" */;
			compatibilityVersion = "Xcode 3.2";
			developmentRegion = English;
			hasScannedForEncodings = 0;
			knownRegions = (
				en,
				Base,
			);
			mainGroup = 13D6DB361D9B91AF00CB379E;
			productRefGroup = 13D6DB401D9B91AF00CB379E /* Products */;
			projectDirPath = "";
			projectRoot = "";
			targets = (
				13D6DB3E1D9B91AF00CB379E /* Swift_3_0 */,
				13D6DB551D9B91AF00CB379E /* Swift_3_0Tests */,
				13D6DB601D9B91AF00CB379E /* Swift_3_0UITests */,
			);
		};
/* End PBXProject section */

/* Begin PBXResourcesBuildPhase section */
		13D6DB3D1D9B91AF00CB379E /* Resources */ = {
			isa = PBXResourcesBuildPhase;
			buildActionMask = 2147483647;
			files = (
				13D6DB501D9B91AF00CB379E /* LaunchScreen.storyboard in Resources */,
				13D6DB4D1D9B91AF00CB379E /* Assets.xcassets in Resources */,
				13D6DB481D9B91AF00CB379E /* Main.storyboard in Resources */,
			);
			runOnlyForDeploymentPostprocessing = 0;
		};
		13D6DB541D9B91AF00CB379E /* Resources */ = {
			isa = PBXResourcesBuildPhase;
			buildActionMask = 2147483647;
			files = (
			);
			runOnlyForDeploymentPostprocessing = 0;
		};
		13D6DB5F1D9B91AF00CB379E /* Resources */ = {
			isa = PBXResourcesBuildPhase;
			buildActionMask = 2147483647;
			files = (
			);
			runOnlyForDeploymentPostprocessing = 0;
		};
/* End PBXResourcesBuildPhase section */

/* Begin PBXSourcesBuildPhase section */
		13D6DB3B1D9B91AF00CB379E /* Sources */ = {
			isa = PBXSourcesBuildPhase;
			buildActionMask = 2147483647;
			files = (
				13D6DB4B1D9B91AF00CB379E /* Swift_3_0.xcdatamodeld in Sources */,
				13D6DB451D9B91AF00CB379E /* ViewController.swift in Sources */,
				13D6DB431D9B91AF00CB379E /* AppDelegate.swift in Sources */,
			);
			runOnlyForDeploymentPostprocessing = 0;
		};
		13D6DB521D9B91AF00CB379E /* Sources */ = {
			isa = PBXSourcesBuildPhase;
			buildActionMask = 2147483647;
			files = (
				13D6DB5B1D9B91AF00CB379E /* Swift_3_0Tests.swift in Sources */,
			);
			runOnlyForDeploymentPostprocessing = 0;
		};
		13D6DB5D1D9B91AF00CB379E /* Sources */ = {
			isa = PBXSourcesBuildPhase;
			buildActionMask = 2147483647;
			files = (
				13D6DB661D9B91AF00CB379E /* Swift_3_0UITests.swift in Sources */,
			);
			runOnlyForDeploymentPostprocessing = 0;
		};
/* End PBXSourcesBuildPhase section */

/* Begin PBXTargetDependency section */
		13D6DB581D9B91AF00CB379E /* PBXTargetDependency */ = {
			isa = PBXTargetDependency;
			target = 13D6DB3E1D9B91AF00CB379E /* Swift_3_0 */;
			targetProxy = 13D6DB571D9B91AF00CB379E /* PBXContainerItemProxy */;
		};
		13D6DB631D9B91AF00CB379E /* PBXTargetDependency */ = {
			isa = PBXTargetDependency;
			target = 13D6DB3E1D9B91AF00CB379E /* Swift_3_0 */;
			targetProxy = 13D6DB621D9B91AF00CB379E /* PBXContainerItemProxy */;
		};
/* End PBXTargetDependency section */

/* Begin PBXVariantGroup section */
		13D6DB461D9B91AF00CB379E /* Main.storyboard */ = {
			isa = PBXVariantGroup;
			children = (
				13D6DB471D9B91AF00CB379E /* Base */,
			);
			name = Main.storyboard;
			sourceTree = "<group>";
		};
		13D6DB4E1D9B91AF00CB379E /* LaunchScreen.storyboard */ = {
			isa = PBXVariantGroup;
			children = (
				13D6DB4F1D9B91AF00CB379E /* Base */,
			);
			name = LaunchScreen.storyboard;
			sourceTree = "<group>";
		};
/* End PBXVariantGroup section */

/* Begin XCBuildConfiguration section */
		13D6DB681D9B91AF00CB379E /* Debug */ = {
			isa = XCBuildConfiguration;
			buildSettings = {
				ALWAYS_SEARCH_USER_PATHS = NO;
				CLANG_ANALYZER_NONNULL = YES;
				CLANG_CXX_LANGUAGE_STANDARD = "gnu++0x";
				CLANG_CXX_LIBRARY = "libc++";
				CLANG_ENABLE_MODULES = YES;
				CLANG_ENABLE_OBJC_ARC = YES;
				CLANG_WARN_BOOL_CONVERSION = YES;
				CLANG_WARN_CONSTANT_CONVERSION = YES;
				CLANG_WARN_DIRECT_OBJC_ISA_USAGE = YES_ERROR;
				CLANG_WARN_DOCUMENTATION_COMMENTS = YES;
				CLANG_WARN_EMPTY_BODY = YES;
				CLANG_WARN_ENUM_CONVERSION = YES;
				CLANG_WARN_INFINITE_RECURSION = YES;
				CLANG_WARN_INT_CONVERSION = YES;
				CLANG_WARN_OBJC_ROOT_CLASS = YES_ERROR;
				CLANG_WARN_SUSPICIOUS_MOVES = YES;
				CLANG_WARN_UNREACHABLE_CODE = YES;
				CLANG_WARN__DUPLICATE_METHOD_MATCH = YES;
				"CODE_SIGN_IDENTITY[sdk=iphoneos*]" = "iPhone Developer";
				COPY_PHASE_STRIP = NO;
				DEBUG_INFORMATION_FORMAT = dwarf;
				ENABLE_STRICT_OBJC_MSGSEND = YES;
				ENABLE_TESTABILITY = YES;
				GCC_C_LANGUAGE_STANDARD = gnu99;
				GCC_DYNAMIC_NO_PIC = NO;
				GCC_NO_COMMON_BLOCKS = YES;
				GCC_OPTIMIZATION_LEVEL = 0;
				GCC_PREPROCESSOR_DEFINITIONS = (
					"DEBUG=1",
					"$(inherited)",
				);
				GCC_WARN_64_TO_32_BIT_CONVERSION = YES;
				GCC_WARN_ABOUT_RETURN_TYPE = YES_ERROR;
				GCC_WARN_UNDECLARED_SELECTOR = YES;
				GCC_WARN_UNINITIALIZED_AUTOS = YES_AGGRESSIVE;
				GCC_WARN_UNUSED_FUNCTION = YES;
				GCC_WARN_UNUSED_VARIABLE = YES;
				IPHONEOS_DEPLOYMENT_TARGET = 10.0;
				MTL_ENABLE_DEBUG_INFO = YES;
				ONLY_ACTIVE_ARCH = YES;
				SDKROOT = iphoneos;
				SWIFT_ACTIVE_COMPILATION_CONDITIONS = DEBUG;
				SWIFT_OPTIMIZATION_LEVEL = "-Onone";
			};
			name = Debug;
		};
		13D6DB691D9B91AF00CB379E /* Release */ = {
			isa = XCBuildConfiguration;
			buildSettings = {
				ALWAYS_SEARCH_USER_PATHS = NO;
				CLANG_ANALYZER_NONNULL = YES;
				CLANG_CXX_LANGUAGE_STANDARD = "gnu++0x";
				CLANG_CXX_LIBRARY = "libc++";
				CLANG_ENABLE_MODULES = YES;
				CLANG_ENABLE_OBJC_ARC = YES;
				CLANG_WARN_BOOL_CONVERSION = YES;
				CLANG_WARN_CONSTANT_CONVERSION = YES;
				CLANG_WARN_DIRECT_OBJC_ISA_USAGE = YES_ERROR;
				CLANG_WARN_DOCUMENTATION_COMMENTS = YES;
				CLANG_WARN_EMPTY_BODY = YES;
				CLANG_WARN_ENUM_CONVERSION = YES;
				CLANG_WARN_INFINITE_RECURSION = YES;
				CLANG_WARN_INT_CONVERSION = YES;
				CLANG_WARN_OBJC_ROOT_CLASS = YES_ERROR;
				CLANG_WARN_SUSPICIOUS_MOVES = YES;
				CLANG_WARN_UNREACHABLE_CODE = YES;
				CLANG_WARN__DUPLICATE_METHOD_MATCH = YES;
				"CODE_SIGN_IDENTITY[sdk=iphoneos*]" = "iPhone Developer";
				COPY_PHASE_STRIP = NO;
				DEBUG_INFORMATION_FORMAT = "dwarf-with-dsym";
				ENABLE_NS_ASSERTIONS = NO;
				ENABLE_STRICT_OBJC_MSGSEND = YES;
				GCC_C_LANGUAGE_STANDARD = gnu99;
				GCC_NO_COMMON_BLOCKS = YES;
				GCC_WARN_64_TO_32_BIT_CONVERSION = YES;
				GCC_WARN_ABOUT_RETURN_TYPE = YES_ERROR;
				GCC_WARN_UNDECLARED_SELECTOR = YES;
				GCC_WARN_UNINITIALIZED_AUTOS = YES_AGGRESSIVE;
				GCC_WARN_UNUSED_FUNCTION = YES;
				GCC_WARN_UNUSED_VARIABLE = YES;
				IPHONEOS_DEPLOYMENT_TARGET = 10.0;
				MTL_ENABLE_DEBUG_INFO = NO;
				SDKROOT = iphoneos;
				SWIFT_OPTIMIZATION_LEVEL = "-Owholemodule";
				VALIDATE_PRODUCT = YES;
			};
			name = Release;
		};
		13D6DB6B1D9B91AF00CB379E /* Debug */ = {
			isa = XCBuildConfiguration;
			buildSettings = {
				ASSETCATALOG_COMPILER_APPICON_NAME = AppIcon;
				DEVELOPMENT_TEAM = 8L27T5V5VA;
				INFOPLIST_FILE = Swift_3_0/Info.plist;
				LD_RUNPATH_SEARCH_PATHS = "$(inherited) @executable_path/Frameworks";
				PRODUCT_BUNDLE_IDENTIFIER = "com.fumiya-nakamura.Swift-3-0";
				PRODUCT_NAME = "$(TARGET_NAME)";
				PROVISIONING_PROFILE = "c97ba09b-05bb-4e7e-bef2-e03a555ba9e6";
				PROVISIONING_PROFILE_SPECIFIER = "match Development com.fumiya-nakamura.Swift-3-0";
				SWIFT_VERSION = 3.0;
			};
			name = Debug;
		};
		13D6DB6C1D9B91AF00CB379E /* Release */ = {
			isa = XCBuildConfiguration;
			buildSettings = {
				ASSETCATALOG_COMPILER_APPICON_NAME = AppIcon;
				"CODE_SIGN_IDENTITY[sdk=iphoneos*]" = "iPhone Distribution";
				DEVELOPMENT_TEAM = 8L27T5V5VA;
				INFOPLIST_FILE = Swift_3_0/Info.plist;
				LD_RUNPATH_SEARCH_PATHS = "$(inherited) @executable_path/Frameworks";
				PRODUCT_BUNDLE_IDENTIFIER = "com.fumiya-nakamura.Swift-3-0";
				PRODUCT_NAME = "$(TARGET_NAME)";
				PROVISIONING_PROFILE = "40f849fa-ab3e-4794-b489-9ebb97909534";
				PROVISIONING_PROFILE_SPECIFIER = "match AppStore com.fumiya-nakamura.Swift-3-0";
				SWIFT_VERSION = 3.0;
			};
			name = Release;
		};
		13D6DB6E1D9B91AF00CB379E /* Debug */ = {
			isa = XCBuildConfiguration;
			buildSettings = {
				ALWAYS_EMBED_SWIFT_STANDARD_LIBRARIES = YES;
				BUNDLE_LOADER = "$(TEST_HOST)";
				DEVELOPMENT_TEAM = 8L27T5V5VA;
				INFOPLIST_FILE = Swift_3_0Tests/Info.plist;
				LD_RUNPATH_SEARCH_PATHS = "$(inherited) @executable_path/Frameworks @loader_path/Frameworks";
				PRODUCT_BUNDLE_IDENTIFIER = "com.fumiya-nakamura.Swift-3-0Tests";
				PRODUCT_NAME = "$(TARGET_NAME)";
				SWIFT_VERSION = 3.0;
				TEST_HOST = "$(BUILT_PRODUCTS_DIR)/Swift_3_0.app/Swift_3_0";
			};
			name = Debug;
		};
		13D6DB6F1D9B91AF00CB379E /* Release */ = {
			isa = XCBuildConfiguration;
			buildSettings = {
				ALWAYS_EMBED_SWIFT_STANDARD_LIBRARIES = YES;
				BUNDLE_LOADER = "$(TEST_HOST)";
				DEVELOPMENT_TEAM = 8L27T5V5VA;
				INFOPLIST_FILE = Swift_3_0Tests/Info.plist;
				LD_RUNPATH_SEARCH_PATHS = "$(inherited) @executable_path/Frameworks @loader_path/Frameworks";
				PRODUCT_BUNDLE_IDENTIFIER = "com.fumiya-nakamura.Swift-3-0Tests";
				PRODUCT_NAME = "$(TARGET_NAME)";
				SWIFT_VERSION = 3.0;
				TEST_HOST = "$(BUILT_PRODUCTS_DIR)/Swift_3_0.app/Swift_3_0";
			};
			name = Release;
		};
		13D6DB711D9B91AF00CB379E /* Debug */ = {
			isa = XCBuildConfiguration;
			buildSettings = {
				ALWAYS_EMBED_SWIFT_STANDARD_LIBRARIES = YES;
				DEVELOPMENT_TEAM = 8L27T5V5VA;
				INFOPLIST_FILE = Swift_3_0UITests/Info.plist;
				LD_RUNPATH_SEARCH_PATHS = "$(inherited) @executable_path/Frameworks @loader_path/Frameworks";
				PRODUCT_BUNDLE_IDENTIFIER = "com.fumiya-nakamura.Swift-3-0UITests";
				PRODUCT_NAME = "$(TARGET_NAME)";
				SWIFT_VERSION = 3.0;
				TEST_TARGET_NAME = Swift_3_0;
			};
			name = Debug;
		};
		13D6DB721D9B91AF00CB379E /* Release */ = {
			isa = XCBuildConfiguration;
			buildSettings = {
				ALWAYS_EMBED_SWIFT_STANDARD_LIBRARIES = YES;
				DEVELOPMENT_TEAM = 8L27T5V5VA;
				INFOPLIST_FILE = Swift_3_0UITests/Info.plist;
				LD_RUNPATH_SEARCH_PATHS = "$(inherited) @executable_path/Frameworks @loader_path/Frameworks";
				PRODUCT_BUNDLE_IDENTIFIER = "com.fumiya-nakamura.Swift-3-0UITests";
				PRODUCT_NAME = "$(TARGET_NAME)";
				SWIFT_VERSION = 3.0;
				TEST_TARGET_NAME = Swift_3_0;
			};
			name = Release;
		};
/* End XCBuildConfiguration section */

/* Begin XCConfigurationList section */
		13D6DB3A1D9B91AF00CB379E /* Build configuration list for PBXProject "Swift_3_0" */ = {
			isa = XCConfigurationList;
			buildConfigurations = (
				13D6DB681D9B91AF00CB379E /* Debug */,
				13D6DB691D9B91AF00CB379E /* Release */,
			);
			defaultConfigurationIsVisible = 0;
			defaultConfigurationName = Release;
		};
		13D6DB6A1D9B91AF00CB379E /* Build configuration list for PBXNativeTarget "Swift_3_0" */ = {
			isa = XCConfigurationList;
			buildConfigurations = (
				13D6DB6B1D9B91AF00CB379E /* Debug */,
				13D6DB6C1D9B91AF00CB379E /* Release */,
			);
			defaultConfigurationIsVisible = 0;
			defaultConfigurationName = Release;
		};
		13D6DB6D1D9B91AF00CB379E /* Build configuration list for PBXNativeTarget "Swift_3_0Tests" */ = {
			isa = XCConfigurationList;
			buildConfigurations = (
				13D6DB6E1D9B91AF00CB379E /* Debug */,
				13D6DB6F1D9B91AF00CB379E /* Release */,
			);
			defaultConfigurationIsVisible = 0;
			defaultConfigurationName = Release;
		};
		13D6DB701D9B91AF00CB379E /* Build configuration list for PBXNativeTarget "Swift_3_0UITests" */ = {
			isa = XCConfigurationList;
			buildConfigurations = (
				13D6DB711D9B91AF00CB379E /* Debug */,
				13D6DB721D9B91AF00CB379E /* Release */,
			);
			defaultConfigurationIsVisible = 0;
			defaultConfigurationName = Release;
		};
/* End XCConfigurationList section */

/* Begin XCVersionGroup section */
		13D6DB491D9B91AF00CB379E /* Swift_3_0.xcdatamodeld */ = {
			isa = XCVersionGroup;
			children = (
				13D6DB4A1D9B91AF00CB379E /* Swift_3_0.xcdatamodel */,
			);
			currentVersion = 13D6DB4A1D9B91AF00CB379E /* Swift_3_0.xcdatamodel */;
			path = Swift_3_0.xcdatamodeld;
			sourceTree = "<group>";
			versionGroupType = wrapper.xcdatamodel;
		};
/* End XCVersionGroup section */
	};
	rootObject = 13D6DB371D9B91AF00CB379E /* Project object */;
}
